// !$*UTF8*$!
{
	archiveVersion = 1;
	classes = {
	};
	objectVersion = 55;
	objects = {

/* Begin PBXBuildFile section */
		D6752FF82B0740DD00197914 /* MovieCell.swift in Sources */ = {isa = PBXBuildFile; fileRef = D6752FF72B0740DD00197914 /* MovieCell.swift */; };
		D69A626B2AFF75A0005492BC /* AppDelegate.swift in Sources */ = {isa = PBXBuildFile; fileRef = D69A626A2AFF75A0005492BC /* AppDelegate.swift */; };
		D69A626D2AFF75A0005492BC /* SceneDelegate.swift in Sources */ = {isa = PBXBuildFile; fileRef = D69A626C2AFF75A0005492BC /* SceneDelegate.swift */; };
		D69A62742AFF75A2005492BC /* Assets.xcassets in Resources */ = {isa = PBXBuildFile; fileRef = D69A62732AFF75A2005492BC /* Assets.xcassets */; };
		D69A62772AFF75A2005492BC /* LaunchScreen.storyboard in Resources */ = {isa = PBXBuildFile; fileRef = D69A62752AFF75A2005492BC /* LaunchScreen.storyboard */; };
		D69A62902AFF7704005492BC /* SavedMovieViewController.swift in Sources */ = {isa = PBXBuildFile; fileRef = D69A628E2AFF7704005492BC /* SavedMovieViewController.swift */; };
		D69A62912AFF7704005492BC /* SavedMovieViewController.xib in Resources */ = {isa = PBXBuildFile; fileRef = D69A628F2AFF7704005492BC /* SavedMovieViewController.xib */; };
		D69A62942AFF7716005492BC /* TrendingMovieViewController.swift in Sources */ = {isa = PBXBuildFile; fileRef = D69A62922AFF7716005492BC /* TrendingMovieViewController.swift */; };
		D69A62952AFF7716005492BC /* TrendingMovieViewController.xib in Resources */ = {isa = PBXBuildFile; fileRef = D69A62932AFF7716005492BC /* TrendingMovieViewController.xib */; };
		D69A62982AFF7723005492BC /* SearchMovieViewController.swift in Sources */ = {isa = PBXBuildFile; fileRef = D69A62962AFF7723005492BC /* SearchMovieViewController.swift */; };
		D69A62992AFF7723005492BC /* SearchMovieViewController.xib in Resources */ = {isa = PBXBuildFile; fileRef = D69A62972AFF7723005492BC /* SearchMovieViewController.xib */; };
		D69A629B2AFF774C005492BC /* DashboardViewController.swift in Sources */ = {isa = PBXBuildFile; fileRef = D69A629A2AFF774C005492BC /* DashboardViewController.swift */; };
		D69A629F2AFF77E5005492BC /* Constant.swift in Sources */ = {isa = PBXBuildFile; fileRef = D69A629E2AFF77E5005492BC /* Constant.swift */; };
		D69A62A12AFF7832005492BC /* Observable.swift in Sources */ = {isa = PBXBuildFile; fileRef = D69A62A02AFF7832005492BC /* Observable.swift */; };
		D69A62A32AFF7849005492BC /* Resource.swift in Sources */ = {isa = PBXBuildFile; fileRef = D69A62A22AFF7849005492BC /* Resource.swift */; };
		D69A62A52AFF7875005492BC /* Enum.swift in Sources */ = {isa = PBXBuildFile; fileRef = D69A62A42AFF7875005492BC /* Enum.swift */; };
		D69A62A72AFF78AB005492BC /* APICaller.swift in Sources */ = {isa = PBXBuildFile; fileRef = D69A62A62AFF78AB005492BC /* APICaller.swift */; };
		D69A62A92AFF78D5005492BC /* TrendingMovieModel.swift in Sources */ = {isa = PBXBuildFile; fileRef = D69A62A82AFF78D5005492BC /* TrendingMovieModel.swift */; };
		D69A62AB2AFF79D0005492BC /* TrendingMovieViewController+TableView.swift in Sources */ = {isa = PBXBuildFile; fileRef = D69A62AA2AFF79D0005492BC /* TrendingMovieViewController+TableView.swift */; };
		D69A62AF2AFF7ABE005492BC /* MovieTableViewCell.swift in Sources */ = {isa = PBXBuildFile; fileRef = D69A62AD2AFF7ABE005492BC /* MovieTableViewCell.swift */; };
		D69A62B02AFF7ABE005492BC /* MovieTableViewCell.xib in Resources */ = {isa = PBXBuildFile; fileRef = D69A62AE2AFF7ABE005492BC /* MovieTableViewCell.xib */; };
		D69A62B32AFF7EC1005492BC /* SDWebImage in Frameworks */ = {isa = PBXBuildFile; productRef = D69A62B22AFF7EC1005492BC /* SDWebImage */; };
		D69A62B52AFF7F46005492BC /* TrendingMovieViewModel.swift in Sources */ = {isa = PBXBuildFile; fileRef = D69A62B42AFF7F46005492BC /* TrendingMovieViewModel.swift */; };
		D69A62B72AFF7FBF005492BC /* TrendingMovieViewModel+GetMovies.swift in Sources */ = {isa = PBXBuildFile; fileRef = D69A62B62AFF7FBF005492BC /* TrendingMovieViewModel+GetMovies.swift */; };
		D6A96B6F2AFF91F600EEC03F /* TrendingMovieViewController+PullToRefresh.swift in Sources */ = {isa = PBXBuildFile; fileRef = D6A96B6E2AFF91F600EEC03F /* TrendingMovieViewController+PullToRefresh.swift */; };
		D6C905AA2B00FE1500EA54EB /* SearchMovieViewModel+Search.swift in Sources */ = {isa = PBXBuildFile; fileRef = D6C905A92B00FE1500EA54EB /* SearchMovieViewModel+Search.swift */; };
		D6C905AE2B0100B200EA54EB /* SearchMovieViewController+PullToRefresh.swift in Sources */ = {isa = PBXBuildFile; fileRef = D6C905AD2B0100B200EA54EB /* SearchMovieViewController+PullToRefresh.swift */; };
		D6C905B02B01034C00EA54EB /* SearchMovieViewModel+Pagination.swift in Sources */ = {isa = PBXBuildFile; fileRef = D6C905AF2B01034C00EA54EB /* SearchMovieViewModel+Pagination.swift */; };
		D6C905B22B0103D200EA54EB /* TrendingMovieViewModel+Pagination.swift in Sources */ = {isa = PBXBuildFile; fileRef = D6C905B12B0103D200EA54EB /* TrendingMovieViewModel+Pagination.swift */; };
		D6C905B42B01072000EA54EB /* TrendingMovieViewController+LoadNext.swift in Sources */ = {isa = PBXBuildFile; fileRef = D6C905B32B01072000EA54EB /* TrendingMovieViewController+LoadNext.swift */; };
		D6C905B62B01077B00EA54EB /* SearchMovieViewController+LoadNext.swift in Sources */ = {isa = PBXBuildFile; fileRef = D6C905B52B01077B00EA54EB /* SearchMovieViewController+LoadNext.swift */; };
		D6C905BC2B010CE300EA54EB /* TrendingMovieDetailViewController.swift in Sources */ = {isa = PBXBuildFile; fileRef = D6C905BA2B010CE300EA54EB /* TrendingMovieDetailViewController.swift */; };
		D6C905BD2B010CE300EA54EB /* TrendingMovieDetailViewController.xib in Resources */ = {isa = PBXBuildFile; fileRef = D6C905BB2B010CE300EA54EB /* TrendingMovieDetailViewController.xib */; };
		D6C905BF2B010CF100EA54EB /* TrendingMovieDetailViewModel.swift in Sources */ = {isa = PBXBuildFile; fileRef = D6C905BE2B010CF100EA54EB /* TrendingMovieDetailViewModel.swift */; };
		D6E458C92B04BB4700384C21 /* SavedMovieViewModel.swift in Sources */ = {isa = PBXBuildFile; fileRef = D6E458C82B04BB4700384C21 /* SavedMovieViewModel.swift */; };
		D6E458CB2B04BF5500384C21 /* GenreModel.swift in Sources */ = {isa = PBXBuildFile; fileRef = D6E458CA2B04BF5500384C21 /* GenreModel.swift */; };
		D6E599B22B00395200FD4845 /* SearchMovieViewController+TableView.swift in Sources */ = {isa = PBXBuildFile; fileRef = D6E599B12B00395200FD4845 /* SearchMovieViewController+TableView.swift */; };
		D6E599B62B00C35D00FD4845 /* SearchMovieViewController+SearchBar.swift in Sources */ = {isa = PBXBuildFile; fileRef = D6E599B52B00C35D00FD4845 /* SearchMovieViewController+SearchBar.swift */; };
		D6E599B82B00C3E200FD4845 /* SearchMovieViewModel.swift in Sources */ = {isa = PBXBuildFile; fileRef = D6E599B72B00C3E200FD4845 /* SearchMovieViewModel.swift */; };
		D6E599BA2B00C8B000FD4845 /* SearchMovieViewModel+GetMovies.swift in Sources */ = {isa = PBXBuildFile; fileRef = D6E599B92B00C8B000FD4845 /* SearchMovieViewModel+GetMovies.swift */; };
		D6EA9A502B05C510001FA47A /* GenreViewModel.swift in Sources */ = {isa = PBXBuildFile; fileRef = D6EA9A4F2B05C510001FA47A /* GenreViewModel.swift */; };
		D6EA9AA92B0722C5001FA47A /* DashboardViewControllerDashboardViewControllerProgramatically.swift in Sources */ = {isa = PBXBuildFile; fileRef = D6EA9AA82B0722C5001FA47A /* DashboardViewControllerDashboardViewControllerProgramatically.swift */; };
		D6EA9AB32B072329001FA47A /* SearchMovieViewModelProgramatically.swift in Sources */ = {isa = PBXBuildFile; fileRef = D6EA9AB22B072329001FA47A /* SearchMovieViewModelProgramatically.swift */; };
		D6EA9AB72B07233C001FA47A /* SavedMovieViewModelProgramatically.swift in Sources */ = {isa = PBXBuildFile; fileRef = D6EA9AB62B07233C001FA47A /* SavedMovieViewModelProgramatically.swift */; };
		D6EA9AB92B072346001FA47A /* TrendingMovieDetailViewModelProgramatically.swift in Sources */ = {isa = PBXBuildFile; fileRef = D6EA9AB82B072346001FA47A /* TrendingMovieDetailViewModelProgramatically.swift */; };
		D6EA9AC12B07239E001FA47A /* TrendingMovieViewControllerProgramatically.swift in Sources */ = {isa = PBXBuildFile; fileRef = D6EA9AC02B07239E001FA47A /* TrendingMovieViewControllerProgramatically.swift */; };
		D6EA9AC32B0723B3001FA47A /* SearchMovieViewControllerProgramatically.swift in Sources */ = {isa = PBXBuildFile; fileRef = D6EA9AC22B0723B3001FA47A /* SearchMovieViewControllerProgramatically.swift */; };
		D6EA9AC52B0723C1001FA47A /* SavedMovieViewControllerProgramatically.swift in Sources */ = {isa = PBXBuildFile; fileRef = D6EA9AC42B0723C1001FA47A /* SavedMovieViewControllerProgramatically.swift */; };
		D6EA9AC72B0723D5001FA47A /* TrendingMovieDetailViewControllerProgramatically.swift in Sources */ = {isa = PBXBuildFile; fileRef = D6EA9AC62B0723D5001FA47A /* TrendingMovieDetailViewControllerProgramatically.swift */; };
/* End PBXBuildFile section */

/* Begin PBXFileReference section */
		D6752FF72B0740DD00197914 /* MovieCell.swift */ = {isa = PBXFileReference; lastKnownFileType = sourcecode.swift; path = MovieCell.swift; sourceTree = "<group>"; };
		D69A62672AFF75A0005492BC /* MovieApp.app */ = {isa = PBXFileReference; explicitFileType = wrapper.application; includeInIndex = 0; path = MovieApp.app; sourceTree = BUILT_PRODUCTS_DIR; };
		D69A626A2AFF75A0005492BC /* AppDelegate.swift */ = {isa = PBXFileReference; lastKnownFileType = sourcecode.swift; path = AppDelegate.swift; sourceTree = "<group>"; };
		D69A626C2AFF75A0005492BC /* SceneDelegate.swift */ = {isa = PBXFileReference; lastKnownFileType = sourcecode.swift; path = SceneDelegate.swift; sourceTree = "<group>"; };
		D69A62732AFF75A2005492BC /* Assets.xcassets */ = {isa = PBXFileReference; lastKnownFileType = folder.assetcatalog; path = Assets.xcassets; sourceTree = "<group>"; };
		D69A62762AFF75A2005492BC /* Base */ = {isa = PBXFileReference; lastKnownFileType = file.storyboard; name = Base; path = Base.lproj/LaunchScreen.storyboard; sourceTree = "<group>"; };
		D69A62782AFF75A2005492BC /* Info.plist */ = {isa = PBXFileReference; lastKnownFileType = text.plist.xml; path = Info.plist; sourceTree = "<group>"; };
		D69A628E2AFF7704005492BC /* SavedMovieViewController.swift */ = {isa = PBXFileReference; lastKnownFileType = sourcecode.swift; path = SavedMovieViewController.swift; sourceTree = "<group>"; };
		D69A628F2AFF7704005492BC /* SavedMovieViewController.xib */ = {isa = PBXFileReference; lastKnownFileType = file.xib; path = SavedMovieViewController.xib; sourceTree = "<group>"; };
		D69A62922AFF7716005492BC /* TrendingMovieViewController.swift */ = {isa = PBXFileReference; lastKnownFileType = sourcecode.swift; path = TrendingMovieViewController.swift; sourceTree = "<group>"; };
		D69A62932AFF7716005492BC /* TrendingMovieViewController.xib */ = {isa = PBXFileReference; lastKnownFileType = file.xib; path = TrendingMovieViewController.xib; sourceTree = "<group>"; };
		D69A62962AFF7723005492BC /* SearchMovieViewController.swift */ = {isa = PBXFileReference; lastKnownFileType = sourcecode.swift; path = SearchMovieViewController.swift; sourceTree = "<group>"; };
		D69A62972AFF7723005492BC /* SearchMovieViewController.xib */ = {isa = PBXFileReference; lastKnownFileType = file.xib; path = SearchMovieViewController.xib; sourceTree = "<group>"; };
		D69A629A2AFF774C005492BC /* DashboardViewController.swift */ = {isa = PBXFileReference; lastKnownFileType = sourcecode.swift; path = DashboardViewController.swift; sourceTree = "<group>"; };
		D69A629E2AFF77E5005492BC /* Constant.swift */ = {isa = PBXFileReference; lastKnownFileType = sourcecode.swift; path = Constant.swift; sourceTree = "<group>"; };
		D69A62A02AFF7832005492BC /* Observable.swift */ = {isa = PBXFileReference; lastKnownFileType = sourcecode.swift; path = Observable.swift; sourceTree = "<group>"; };
		D69A62A22AFF7849005492BC /* Resource.swift */ = {isa = PBXFileReference; lastKnownFileType = sourcecode.swift; path = Resource.swift; sourceTree = "<group>"; };
		D69A62A42AFF7875005492BC /* Enum.swift */ = {isa = PBXFileReference; lastKnownFileType = sourcecode.swift; path = Enum.swift; sourceTree = "<group>"; };
		D69A62A62AFF78AB005492BC /* APICaller.swift */ = {isa = PBXFileReference; lastKnownFileType = sourcecode.swift; path = APICaller.swift; sourceTree = "<group>"; };
		D69A62A82AFF78D5005492BC /* TrendingMovieModel.swift */ = {isa = PBXFileReference; lastKnownFileType = sourcecode.swift; path = TrendingMovieModel.swift; sourceTree = "<group>"; };
		D69A62AA2AFF79D0005492BC /* TrendingMovieViewController+TableView.swift */ = {isa = PBXFileReference; lastKnownFileType = sourcecode.swift; path = "TrendingMovieViewController+TableView.swift"; sourceTree = "<group>"; };
		D69A62AD2AFF7ABE005492BC /* MovieTableViewCell.swift */ = {isa = PBXFileReference; lastKnownFileType = sourcecode.swift; path = MovieTableViewCell.swift; sourceTree = "<group>"; };
		D69A62AE2AFF7ABE005492BC /* MovieTableViewCell.xib */ = {isa = PBXFileReference; lastKnownFileType = file.xib; path = MovieTableViewCell.xib; sourceTree = "<group>"; };
		D69A62B42AFF7F46005492BC /* TrendingMovieViewModel.swift */ = {isa = PBXFileReference; lastKnownFileType = sourcecode.swift; path = TrendingMovieViewModel.swift; sourceTree = "<group>"; };
		D69A62B62AFF7FBF005492BC /* TrendingMovieViewModel+GetMovies.swift */ = {isa = PBXFileReference; lastKnownFileType = sourcecode.swift; path = "TrendingMovieViewModel+GetMovies.swift"; sourceTree = "<group>"; };
		D6A96B6E2AFF91F600EEC03F /* TrendingMovieViewController+PullToRefresh.swift */ = {isa = PBXFileReference; lastKnownFileType = sourcecode.swift; path = "TrendingMovieViewController+PullToRefresh.swift"; sourceTree = "<group>"; };
		D6C905A92B00FE1500EA54EB /* SearchMovieViewModel+Search.swift */ = {isa = PBXFileReference; lastKnownFileType = sourcecode.swift; path = "SearchMovieViewModel+Search.swift"; sourceTree = "<group>"; };
		D6C905AD2B0100B200EA54EB /* SearchMovieViewController+PullToRefresh.swift */ = {isa = PBXFileReference; lastKnownFileType = sourcecode.swift; path = "SearchMovieViewController+PullToRefresh.swift"; sourceTree = "<group>"; };
		D6C905AF2B01034C00EA54EB /* SearchMovieViewModel+Pagination.swift */ = {isa = PBXFileReference; lastKnownFileType = sourcecode.swift; path = "SearchMovieViewModel+Pagination.swift"; sourceTree = "<group>"; };
		D6C905B12B0103D200EA54EB /* TrendingMovieViewModel+Pagination.swift */ = {isa = PBXFileReference; lastKnownFileType = sourcecode.swift; path = "TrendingMovieViewModel+Pagination.swift"; sourceTree = "<group>"; };
		D6C905B32B01072000EA54EB /* TrendingMovieViewController+LoadNext.swift */ = {isa = PBXFileReference; lastKnownFileType = sourcecode.swift; path = "TrendingMovieViewController+LoadNext.swift"; sourceTree = "<group>"; };
		D6C905B52B01077B00EA54EB /* SearchMovieViewController+LoadNext.swift */ = {isa = PBXFileReference; lastKnownFileType = sourcecode.swift; path = "SearchMovieViewController+LoadNext.swift"; sourceTree = "<group>"; };
		D6C905BA2B010CE300EA54EB /* TrendingMovieDetailViewController.swift */ = {isa = PBXFileReference; lastKnownFileType = sourcecode.swift; path = TrendingMovieDetailViewController.swift; sourceTree = "<group>"; };
		D6C905BB2B010CE300EA54EB /* TrendingMovieDetailViewController.xib */ = {isa = PBXFileReference; lastKnownFileType = file.xib; path = TrendingMovieDetailViewController.xib; sourceTree = "<group>"; };
		D6C905BE2B010CF100EA54EB /* TrendingMovieDetailViewModel.swift */ = {isa = PBXFileReference; lastKnownFileType = sourcecode.swift; path = TrendingMovieDetailViewModel.swift; sourceTree = "<group>"; };
		D6E458C82B04BB4700384C21 /* SavedMovieViewModel.swift */ = {isa = PBXFileReference; lastKnownFileType = sourcecode.swift; path = SavedMovieViewModel.swift; sourceTree = "<group>"; };
		D6E458CA2B04BF5500384C21 /* GenreModel.swift */ = {isa = PBXFileReference; lastKnownFileType = sourcecode.swift; path = GenreModel.swift; sourceTree = "<group>"; };
		D6E599B12B00395200FD4845 /* SearchMovieViewController+TableView.swift */ = {isa = PBXFileReference; lastKnownFileType = sourcecode.swift; path = "SearchMovieViewController+TableView.swift"; sourceTree = "<group>"; };
		D6E599B52B00C35D00FD4845 /* SearchMovieViewController+SearchBar.swift */ = {isa = PBXFileReference; lastKnownFileType = sourcecode.swift; path = "SearchMovieViewController+SearchBar.swift"; sourceTree = "<group>"; };
		D6E599B72B00C3E200FD4845 /* SearchMovieViewModel.swift */ = {isa = PBXFileReference; lastKnownFileType = sourcecode.swift; path = SearchMovieViewModel.swift; sourceTree = "<group>"; };
		D6E599B92B00C8B000FD4845 /* SearchMovieViewModel+GetMovies.swift */ = {isa = PBXFileReference; lastKnownFileType = sourcecode.swift; path = "SearchMovieViewModel+GetMovies.swift"; sourceTree = "<group>"; };
		D6EA9A4F2B05C510001FA47A /* GenreViewModel.swift */ = {isa = PBXFileReference; lastKnownFileType = sourcecode.swift; path = GenreViewModel.swift; sourceTree = "<group>"; };
		D6EA9AA82B0722C5001FA47A /* DashboardViewControllerDashboardViewControllerProgramatically.swift */ = {isa = PBXFileReference; lastKnownFileType = sourcecode.swift; path = DashboardViewControllerDashboardViewControllerProgramatically.swift; sourceTree = "<group>"; };
		D6EA9AB22B072329001FA47A /* SearchMovieViewModelProgramatically.swift */ = {isa = PBXFileReference; lastKnownFileType = sourcecode.swift; path = SearchMovieViewModelProgramatically.swift; sourceTree = "<group>"; };
		D6EA9AB62B07233C001FA47A /* SavedMovieViewModelProgramatically.swift */ = {isa = PBXFileReference; lastKnownFileType = sourcecode.swift; path = SavedMovieViewModelProgramatically.swift; sourceTree = "<group>"; };
		D6EA9AB82B072346001FA47A /* TrendingMovieDetailViewModelProgramatically.swift */ = {isa = PBXFileReference; lastKnownFileType = sourcecode.swift; path = TrendingMovieDetailViewModelProgramatically.swift; sourceTree = "<group>"; };
		D6EA9AC02B07239E001FA47A /* TrendingMovieViewControllerProgramatically.swift */ = {isa = PBXFileReference; lastKnownFileType = sourcecode.swift; path = TrendingMovieViewControllerProgramatically.swift; sourceTree = "<group>"; };
		D6EA9AC22B0723B3001FA47A /* SearchMovieViewControllerProgramatically.swift */ = {isa = PBXFileReference; lastKnownFileType = sourcecode.swift; path = SearchMovieViewControllerProgramatically.swift; sourceTree = "<group>"; };
		D6EA9AC42B0723C1001FA47A /* SavedMovieViewControllerProgramatically.swift */ = {isa = PBXFileReference; lastKnownFileType = sourcecode.swift; path = SavedMovieViewControllerProgramatically.swift; sourceTree = "<group>"; };
		D6EA9AC62B0723D5001FA47A /* TrendingMovieDetailViewControllerProgramatically.swift */ = {isa = PBXFileReference; lastKnownFileType = sourcecode.swift; path = TrendingMovieDetailViewControllerProgramatically.swift; sourceTree = "<group>"; };
/* End PBXFileReference section */

/* Begin PBXFrameworksBuildPhase section */
		D69A62642AFF75A0005492BC /* Frameworks */ = {
			isa = PBXFrameworksBuildPhase;
			buildActionMask = 2147483647;
			files = (
				D69A62B32AFF7EC1005492BC /* SDWebImage in Frameworks */,
			);
			runOnlyForDeploymentPostprocessing = 0;
		};
/* End PBXFrameworksBuildPhase section */

/* Begin PBXGroup section */
		D69A625E2AFF75A0005492BC = {
			isa = PBXGroup;
			children = (
				D69A62692AFF75A0005492BC /* MovieApp */,
				D69A62682AFF75A0005492BC /* Products */,
			);
			sourceTree = "<group>";
		};
		D69A62682AFF75A0005492BC /* Products */ = {
			isa = PBXGroup;
			children = (
				D69A62672AFF75A0005492BC /* MovieApp.app */,
			);
			name = Products;
			sourceTree = "<group>";
		};
		D69A62692AFF75A0005492BC /* MovieApp */ = {
			isa = PBXGroup;
			children = (
				D6EA9AA12B07224C001FA47A /* ModuleProgramatically */,
				D69A62822AFF761A005492BC /* Model */,
				D69A62812AFF760E005492BC /* View */,
				D69A62802AFF7605005492BC /* Module */,
				D69A627F2AFF75FE005492BC /* Data */,
				D69A627E2AFF75F8005492BC /* Util */,
				D69A626A2AFF75A0005492BC /* AppDelegate.swift */,
				D69A626C2AFF75A0005492BC /* SceneDelegate.swift */,
				D69A62732AFF75A2005492BC /* Assets.xcassets */,
				D69A62752AFF75A2005492BC /* LaunchScreen.storyboard */,
				D69A62782AFF75A2005492BC /* Info.plist */,
			);
			path = MovieApp;
			sourceTree = "<group>";
		};
		D69A627E2AFF75F8005492BC /* Util */ = {
			isa = PBXGroup;
			children = (
				D69A629E2AFF77E5005492BC /* Constant.swift */,
				D69A62A02AFF7832005492BC /* Observable.swift */,
				D69A62A22AFF7849005492BC /* Resource.swift */,
			);
			path = Util;
			sourceTree = "<group>";
		};
		D69A627F2AFF75FE005492BC /* Data */ = {
			isa = PBXGroup;
			children = (
				D69A629D2AFF77D0005492BC /* Local */,
				D69A629C2AFF77CA005492BC /* Network */,
			);
			path = Data;
			sourceTree = "<group>";
		};
		D69A62802AFF7605005492BC /* Module */ = {
			isa = PBXGroup;
			children = (
				D6C905B72B010CB300EA54EB /* TrendingMovieDetail */,
				D69A62862AFF7664005492BC /* SavedMovie */,
				D69A62852AFF764E005492BC /* TrendingMovie */,
				D69A62842AFF7644005492BC /* SearchMovie */,
				D69A62832AFF763D005492BC /* Dashboard */,
			);
			path = Module;
			sourceTree = "<group>";
		};
		D69A62812AFF760E005492BC /* View */ = {
			isa = PBXGroup;
			children = (
				D69A62AC2AFF7A99005492BC /* MovieTableViewCell */,
			);
			path = View;
			sourceTree = "<group>";
		};
		D69A62822AFF761A005492BC /* Model */ = {
			isa = PBXGroup;
			children = (
				D69A62A82AFF78D5005492BC /* TrendingMovieModel.swift */,
				D6E458CA2B04BF5500384C21 /* GenreModel.swift */,
			);
			path = Model;
			sourceTree = "<group>";
		};
		D69A62832AFF763D005492BC /* Dashboard */ = {
			isa = PBXGroup;
			children = (
				D6EA9A4E2B05C4FD001FA47A /* ViewModel */,
				D69A628C2AFF76B0005492BC /* View */,
			);
			path = Dashboard;
			sourceTree = "<group>";
		};
		D69A62842AFF7644005492BC /* SearchMovie */ = {
			isa = PBXGroup;
			children = (
				D69A628D2AFF76B9005492BC /* View */,
				D69A628B2AFF76AB005492BC /* ViewModel */,
			);
			path = SearchMovie;
			sourceTree = "<group>";
		};
		D69A62852AFF764E005492BC /* TrendingMovie */ = {
			isa = PBXGroup;
			children = (
				D69A628A2AFF76A2005492BC /* ViewModel */,
				D69A62892AFF769C005492BC /* View */,
			);
			path = TrendingMovie;
			sourceTree = "<group>";
		};
		D69A62862AFF7664005492BC /* SavedMovie */ = {
			isa = PBXGroup;
			children = (
				D69A62882AFF768A005492BC /* View */,
				D69A62872AFF767B005492BC /* ViewModel */,
			);
			path = SavedMovie;
			sourceTree = "<group>";
		};
		D69A62872AFF767B005492BC /* ViewModel */ = {
			isa = PBXGroup;
			children = (
				D6E458C82B04BB4700384C21 /* SavedMovieViewModel.swift */,
			);
			path = ViewModel;
			sourceTree = "<group>";
		};
		D69A62882AFF768A005492BC /* View */ = {
			isa = PBXGroup;
			children = (
				D69A628E2AFF7704005492BC /* SavedMovieViewController.swift */,
				D69A628F2AFF7704005492BC /* SavedMovieViewController.xib */,
			);
			path = View;
			sourceTree = "<group>";
		};
		D69A62892AFF769C005492BC /* View */ = {
			isa = PBXGroup;
			children = (
				D69A62922AFF7716005492BC /* TrendingMovieViewController.swift */,
				D69A62932AFF7716005492BC /* TrendingMovieViewController.xib */,
				D69A62AA2AFF79D0005492BC /* TrendingMovieViewController+TableView.swift */,
				D6A96B6E2AFF91F600EEC03F /* TrendingMovieViewController+PullToRefresh.swift */,
				D6C905B32B01072000EA54EB /* TrendingMovieViewController+LoadNext.swift */,
			);
			path = View;
			sourceTree = "<group>";
		};
		D69A628A2AFF76A2005492BC /* ViewModel */ = {
			isa = PBXGroup;
			children = (
				D69A62B42AFF7F46005492BC /* TrendingMovieViewModel.swift */,
				D69A62B62AFF7FBF005492BC /* TrendingMovieViewModel+GetMovies.swift */,
				D6C905B12B0103D200EA54EB /* TrendingMovieViewModel+Pagination.swift */,
			);
			path = ViewModel;
			sourceTree = "<group>";
		};
		D69A628B2AFF76AB005492BC /* ViewModel */ = {
			isa = PBXGroup;
			children = (
				D6E599B72B00C3E200FD4845 /* SearchMovieViewModel.swift */,
				D6E599B92B00C8B000FD4845 /* SearchMovieViewModel+GetMovies.swift */,
				D6C905A92B00FE1500EA54EB /* SearchMovieViewModel+Search.swift */,
				D6C905AF2B01034C00EA54EB /* SearchMovieViewModel+Pagination.swift */,
			);
			path = ViewModel;
			sourceTree = "<group>";
		};
		D69A628C2AFF76B0005492BC /* View */ = {
			isa = PBXGroup;
			children = (
				D69A629A2AFF774C005492BC /* DashboardViewController.swift */,
			);
			path = View;
			sourceTree = "<group>";
		};
		D69A628D2AFF76B9005492BC /* View */ = {
			isa = PBXGroup;
			children = (
				D69A62962AFF7723005492BC /* SearchMovieViewController.swift */,
				D69A62972AFF7723005492BC /* SearchMovieViewController.xib */,
				D6E599B12B00395200FD4845 /* SearchMovieViewController+TableView.swift */,
				D6E599B52B00C35D00FD4845 /* SearchMovieViewController+SearchBar.swift */,
				D6C905AD2B0100B200EA54EB /* SearchMovieViewController+PullToRefresh.swift */,
				D6C905B52B01077B00EA54EB /* SearchMovieViewController+LoadNext.swift */,
			);
			path = View;
			sourceTree = "<group>";
		};
		D69A629C2AFF77CA005492BC /* Network */ = {
			isa = PBXGroup;
			children = (
				D69A62A42AFF7875005492BC /* Enum.swift */,
				D69A62A62AFF78AB005492BC /* APICaller.swift */,
			);
			path = Network;
			sourceTree = "<group>";
		};
		D69A629D2AFF77D0005492BC /* Local */ = {
			isa = PBXGroup;
			children = (
			);
			path = Local;
			sourceTree = "<group>";
		};
		D69A62AC2AFF7A99005492BC /* MovieTableViewCell */ = {
			isa = PBXGroup;
			children = (
				D69A62AD2AFF7ABE005492BC /* MovieTableViewCell.swift */,
				D69A62AE2AFF7ABE005492BC /* MovieTableViewCell.xib */,
			);
			path = MovieTableViewCell;
			sourceTree = "<group>";
		};
		D6C905B72B010CB300EA54EB /* TrendingMovieDetail */ = {
			isa = PBXGroup;
			children = (
				D6C905B92B010CC200EA54EB /* ViewModel */,
				D6C905B82B010CBC00EA54EB /* View */,
			);
			path = TrendingMovieDetail;
			sourceTree = "<group>";
		};
		D6C905B82B010CBC00EA54EB /* View */ = {
			isa = PBXGroup;
			children = (
				D6C905BA2B010CE300EA54EB /* TrendingMovieDetailViewController.swift */,
				D6C905BB2B010CE300EA54EB /* TrendingMovieDetailViewController.xib */,
			);
			path = View;
			sourceTree = "<group>";
		};
		D6C905B92B010CC200EA54EB /* ViewModel */ = {
			isa = PBXGroup;
			children = (
				D6C905BE2B010CF100EA54EB /* TrendingMovieDetailViewModel.swift */,
			);
			path = ViewModel;
			sourceTree = "<group>";
		};
		D6EA9A4E2B05C4FD001FA47A /* ViewModel */ = {
			isa = PBXGroup;
			children = (
				D6EA9A4F2B05C510001FA47A /* GenreViewModel.swift */,
			);
			path = ViewModel;
			sourceTree = "<group>";
		};
		D6EA9AA12B07224C001FA47A /* ModuleProgramatically */ = {
			isa = PBXGroup;
			children = (
				D6EA9AA62B0722A0001FA47A /* SearchMovie */,
				D6EA9AA52B072299001FA47A /* TrendingMovie */,
				D6EA9AA42B072293001FA47A /* SavedMovie */,
				D6EA9AA32B07228B001FA47A /* TrendingMovieDetail */,
				D6EA9AA22B072284001FA47A /* Dashboard */,
			);
			path = ModuleProgramatically;
			sourceTree = "<group>";
		};
		D6EA9AA22B072284001FA47A /* Dashboard */ = {
			isa = PBXGroup;
			children = (
				D6EA9AA82B0722C5001FA47A /* DashboardViewControllerDashboardViewControllerProgramatically.swift */,
			);
			path = Dashboard;
			sourceTree = "<group>";
		};
		D6EA9AA32B07228B001FA47A /* TrendingMovieDetail */ = {
			isa = PBXGroup;
			children = (
				D6EA9AB12B07231B001FA47A /* ViewModel */,
				D6EA9AAE2B07230A001FA47A /* View */,
			);
			path = TrendingMovieDetail;
			sourceTree = "<group>";
		};
		D6EA9AA42B072293001FA47A /* SavedMovie */ = {
			isa = PBXGroup;
			children = (
				D6EA9AB02B072317001FA47A /* ViewModel */,
				D6EA9AAD2B072306001FA47A /* View */,
			);
			path = SavedMovie;
			sourceTree = "<group>";
		};
		D6EA9AA52B072299001FA47A /* TrendingMovie */ = {
			isa = PBXGroup;
			children = (
				D6EA9AAC2B0722FF001FA47A /* View */,
			);
			path = TrendingMovie;
			sourceTree = "<group>";
		};
		D6EA9AA62B0722A0001FA47A /* SearchMovie */ = {
			isa = PBXGroup;
			children = (
				D6EA9AAB2B0722F1001FA47A /* ViewModel */,
				D6EA9AAA2B0722EC001FA47A /* View */,
			);
			path = SearchMovie;
			sourceTree = "<group>";
		};
		D6EA9AAA2B0722EC001FA47A /* View */ = {
			isa = PBXGroup;
			children = (
				D6EA9AC22B0723B3001FA47A /* SearchMovieViewControllerProgramatically.swift */,
			);
			path = View;
			sourceTree = "<group>";
		};
		D6EA9AAB2B0722F1001FA47A /* ViewModel */ = {
			isa = PBXGroup;
			children = (
				D6EA9AB22B072329001FA47A /* SearchMovieViewModelProgramatically.swift */,
			);
			path = ViewModel;
			sourceTree = "<group>";
		};
		D6EA9AAC2B0722FF001FA47A /* View */ = {
			isa = PBXGroup;
			children = (
				D6EA9AC02B07239E001FA47A /* TrendingMovieViewControllerProgramatically.swift */,
				D6752FF72B0740DD00197914 /* MovieCell.swift */,
			);
			path = View;
			sourceTree = "<group>";
		};
		D6EA9AAD2B072306001FA47A /* View */ = {
			isa = PBXGroup;
			children = (
				D6EA9AC42B0723C1001FA47A /* SavedMovieViewControllerProgramatically.swift */,
			);
			path = View;
			sourceTree = "<group>";
		};
		D6EA9AAE2B07230A001FA47A /* View */ = {
			isa = PBXGroup;
			children = (
				D6EA9AC62B0723D5001FA47A /* TrendingMovieDetailViewControllerProgramatically.swift */,
			);
			path = View;
			sourceTree = "<group>";
		};
		D6EA9AB02B072317001FA47A /* ViewModel */ = {
			isa = PBXGroup;
			children = (
				D6EA9AB62B07233C001FA47A /* SavedMovieViewModelProgramatically.swift */,
			);
			path = ViewModel;
			sourceTree = "<group>";
		};
		D6EA9AB12B07231B001FA47A /* ViewModel */ = {
			isa = PBXGroup;
			children = (
				D6EA9AB82B072346001FA47A /* TrendingMovieDetailViewModelProgramatically.swift */,
			);
			path = ViewModel;
			sourceTree = "<group>";
		};
/* End PBXGroup section */

/* Begin PBXNativeTarget section */
		D69A62662AFF75A0005492BC /* MovieApp */ = {
			isa = PBXNativeTarget;
			buildConfigurationList = D69A627B2AFF75A2005492BC /* Build configuration list for PBXNativeTarget "MovieApp" */;
			buildPhases = (
				D69A62632AFF75A0005492BC /* Sources */,
				D69A62642AFF75A0005492BC /* Frameworks */,
				D69A62652AFF75A0005492BC /* Resources */,
			);
			buildRules = (
			);
			dependencies = (
			);
			name = MovieApp;
			packageProductDependencies = (
				D69A62B22AFF7EC1005492BC /* SDWebImage */,
			);
			productName = MovieApp;
			productReference = D69A62672AFF75A0005492BC /* MovieApp.app */;
			productType = "com.apple.product-type.application";
		};
/* End PBXNativeTarget section */

/* Begin PBXProject section */
		D69A625F2AFF75A0005492BC /* Project object */ = {
			isa = PBXProject;
			attributes = {
				BuildIndependentTargetsInParallel = 1;
				LastSwiftUpdateCheck = 1340;
				LastUpgradeCheck = 1340;
				TargetAttributes = {
					D69A62662AFF75A0005492BC = {
						CreatedOnToolsVersion = 13.4.1;
					};
				};
			};
			buildConfigurationList = D69A62622AFF75A0005492BC /* Build configuration list for PBXProject "MovieApp" */;
			compatibilityVersion = "Xcode 13.0";
			developmentRegion = en;
			hasScannedForEncodings = 0;
			knownRegions = (
				en,
				Base,
			);
			mainGroup = D69A625E2AFF75A0005492BC;
			packageReferences = (
				D69A62B12AFF7EC1005492BC /* XCRemoteSwiftPackageReference "SDWebImage" */,
			);
			productRefGroup = D69A62682AFF75A0005492BC /* Products */;
			projectDirPath = "";
			projectRoot = "";
			targets = (
				D69A62662AFF75A0005492BC /* MovieApp */,
			);
		};
/* End PBXProject section */

/* Begin PBXResourcesBuildPhase section */
		D69A62652AFF75A0005492BC /* Resources */ = {
			isa = PBXResourcesBuildPhase;
			buildActionMask = 2147483647;
			files = (
				D69A62772AFF75A2005492BC /* LaunchScreen.storyboard in Resources */,
				D69A62742AFF75A2005492BC /* Assets.xcassets in Resources */,
				D6C905BD2B010CE300EA54EB /* TrendingMovieDetailViewController.xib in Resources */,
				D69A62B02AFF7ABE005492BC /* MovieTableViewCell.xib in Resources */,
				D69A62952AFF7716005492BC /* TrendingMovieViewController.xib in Resources */,
				D69A62992AFF7723005492BC /* SearchMovieViewController.xib in Resources */,
				D69A62912AFF7704005492BC /* SavedMovieViewController.xib in Resources */,
			);
			runOnlyForDeploymentPostprocessing = 0;
		};
/* End PBXResourcesBuildPhase section */

/* Begin PBXSourcesBuildPhase section */
		D69A62632AFF75A0005492BC /* Sources */ = {
			isa = PBXSourcesBuildPhase;
			buildActionMask = 2147483647;
			files = (
				D69A62A32AFF7849005492BC /* Resource.swift in Sources */,
				D69A62A12AFF7832005492BC /* Observable.swift in Sources */,
				D69A62AF2AFF7ABE005492BC /* MovieTableViewCell.swift in Sources */,
				D69A629F2AFF77E5005492BC /* Constant.swift in Sources */,
				D6EA9AC32B0723B3001FA47A /* SearchMovieViewControllerProgramatically.swift in Sources */,
				D69A62AB2AFF79D0005492BC /* TrendingMovieViewController+TableView.swift in Sources */,
				D6EA9AC72B0723D5001FA47A /* TrendingMovieDetailViewControllerProgramatically.swift in Sources */,
				D69A62A92AFF78D5005492BC /* TrendingMovieModel.swift in Sources */,
				D69A626B2AFF75A0005492BC /* AppDelegate.swift in Sources */,
				D6EA9AC12B07239E001FA47A /* TrendingMovieViewControllerProgramatically.swift in Sources */,
				D6EA9AB32B072329001FA47A /* SearchMovieViewModelProgramatically.swift in Sources */,
				D6C905B22B0103D200EA54EB /* TrendingMovieViewModel+Pagination.swift in Sources */,
				D6C905B02B01034C00EA54EB /* SearchMovieViewModel+Pagination.swift in Sources */,
				D6C905BF2B010CF100EA54EB /* TrendingMovieDetailViewModel.swift in Sources */,
				D69A629B2AFF774C005492BC /* DashboardViewController.swift in Sources */,
				D69A626D2AFF75A0005492BC /* SceneDelegate.swift in Sources */,
				D6EA9A502B05C510001FA47A /* GenreViewModel.swift in Sources */,
				D6C905BC2B010CE300EA54EB /* TrendingMovieDetailViewController.swift in Sources */,
				D6C905AA2B00FE1500EA54EB /* SearchMovieViewModel+Search.swift in Sources */,
				D69A62942AFF7716005492BC /* TrendingMovieViewController.swift in Sources */,
				D69A62B52AFF7F46005492BC /* TrendingMovieViewModel.swift in Sources */,
				D6E599BA2B00C8B000FD4845 /* SearchMovieViewModel+GetMovies.swift in Sources */,
				D6E458CB2B04BF5500384C21 /* GenreModel.swift in Sources */,
				D6EA9AA92B0722C5001FA47A /* DashboardViewControllerDashboardViewControllerProgramatically.swift in Sources */,
				D6EA9AB72B07233C001FA47A /* SavedMovieViewModelProgramatically.swift in Sources */,
				D6A96B6F2AFF91F600EEC03F /* TrendingMovieViewController+PullToRefresh.swift in Sources */,
				D6E599B62B00C35D00FD4845 /* SearchMovieViewController+SearchBar.swift in Sources */,
				D69A62902AFF7704005492BC /* SavedMovieViewController.swift in Sources */,
				D69A62B72AFF7FBF005492BC /* TrendingMovieViewModel+GetMovies.swift in Sources */,
				D69A62A72AFF78AB005492BC /* APICaller.swift in Sources */,
				D6E599B22B00395200FD4845 /* SearchMovieViewController+TableView.swift in Sources */,
				D6EA9AB92B072346001FA47A /* TrendingMovieDetailViewModelProgramatically.swift in Sources */,
				D6C905B62B01077B00EA54EB /* SearchMovieViewController+LoadNext.swift in Sources */,
				D6C905B42B01072000EA54EB /* TrendingMovieViewController+LoadNext.swift in Sources */,
				D69A62A52AFF7875005492BC /* Enum.swift in Sources */,
				D6752FF82B0740DD00197914 /* MovieCell.swift in Sources */,
				D6EA9AC52B0723C1001FA47A /* SavedMovieViewControllerProgramatically.swift in Sources */,
				D69A62982AFF7723005492BC /* SearchMovieViewController.swift in Sources */,
				D6E599B82B00C3E200FD4845 /* SearchMovieViewModel.swift in Sources */,
				D6C905AE2B0100B200EA54EB /* SearchMovieViewController+PullToRefresh.swift in Sources */,
				D6E458C92B04BB4700384C21 /* SavedMovieViewModel.swift in Sources */,
			);
			runOnlyForDeploymentPostprocessing = 0;
		};
/* End PBXSourcesBuildPhase section */

/* Begin PBXVariantGroup section */
		D69A62752AFF75A2005492BC /* LaunchScreen.storyboard */ = {
			isa = PBXVariantGroup;
			children = (
				D69A62762AFF75A2005492BC /* Base */,
			);
			name = LaunchScreen.storyboard;
			sourceTree = "<group>";
		};
/* End PBXVariantGroup section */

/* Begin XCBuildConfiguration section */
		D69A62792AFF75A2005492BC /* Debug */ = {
			isa = XCBuildConfiguration;
			buildSettings = {
				ALWAYS_SEARCH_USER_PATHS = NO;
				CLANG_ANALYZER_NONNULL = YES;
				CLANG_ANALYZER_NUMBER_OBJECT_CONVERSION = YES_AGGRESSIVE;
				CLANG_CXX_LANGUAGE_STANDARD = "gnu++17";
				CLANG_ENABLE_MODULES = YES;
				CLANG_ENABLE_OBJC_ARC = YES;
				CLANG_ENABLE_OBJC_WEAK = YES;
				CLANG_WARN_BLOCK_CAPTURE_AUTORELEASING = YES;
				CLANG_WARN_BOOL_CONVERSION = YES;
				CLANG_WARN_COMMA = YES;
				CLANG_WARN_CONSTANT_CONVERSION = YES;
				CLANG_WARN_DEPRECATED_OBJC_IMPLEMENTATIONS = YES;
				CLANG_WARN_DIRECT_OBJC_ISA_USAGE = YES_ERROR;
				CLANG_WARN_DOCUMENTATION_COMMENTS = YES;
				CLANG_WARN_EMPTY_BODY = YES;
				CLANG_WARN_ENUM_CONVERSION = YES;
				CLANG_WARN_INFINITE_RECURSION = YES;
				CLANG_WARN_INT_CONVERSION = YES;
				CLANG_WARN_NON_LITERAL_NULL_CONVERSION = YES;
				CLANG_WARN_OBJC_IMPLICIT_RETAIN_SELF = YES;
				CLANG_WARN_OBJC_LITERAL_CONVERSION = YES;
				CLANG_WARN_OBJC_ROOT_CLASS = YES_ERROR;
				CLANG_WARN_QUOTED_INCLUDE_IN_FRAMEWORK_HEADER = YES;
				CLANG_WARN_RANGE_LOOP_ANALYSIS = YES;
				CLANG_WARN_STRICT_PROTOTYPES = YES;
				CLANG_WARN_SUSPICIOUS_MOVE = YES;
				CLANG_WARN_UNGUARDED_AVAILABILITY = YES_AGGRESSIVE;
				CLANG_WARN_UNREACHABLE_CODE = YES;
				CLANG_WARN__DUPLICATE_METHOD_MATCH = YES;
				COPY_PHASE_STRIP = NO;
				DEBUG_INFORMATION_FORMAT = dwarf;
				ENABLE_STRICT_OBJC_MSGSEND = YES;
				ENABLE_TESTABILITY = YES;
				GCC_C_LANGUAGE_STANDARD = gnu11;
				GCC_DYNAMIC_NO_PIC = NO;
				GCC_NO_COMMON_BLOCKS = YES;
				GCC_OPTIMIZATION_LEVEL = 0;
				GCC_PREPROCESSOR_DEFINITIONS = (
					"DEBUG=1",
					"$(inherited)",
				);
				GCC_WARN_64_TO_32_BIT_CONVERSION = YES;
				GCC_WARN_ABOUT_RETURN_TYPE = YES_ERROR;
				GCC_WARN_UNDECLARED_SELECTOR = YES;
				GCC_WARN_UNINITIALIZED_AUTOS = YES_AGGRESSIVE;
				GCC_WARN_UNUSED_FUNCTION = YES;
				GCC_WARN_UNUSED_VARIABLE = YES;
				IPHONEOS_DEPLOYMENT_TARGET = 15.5;
				MTL_ENABLE_DEBUG_INFO = INCLUDE_SOURCE;
				MTL_FAST_MATH = YES;
				ONLY_ACTIVE_ARCH = YES;
				SDKROOT = iphoneos;
				SWIFT_ACTIVE_COMPILATION_CONDITIONS = DEBUG;
				SWIFT_OPTIMIZATION_LEVEL = "-Onone";
			};
			name = Debug;
		};
		D69A627A2AFF75A2005492BC /* Release */ = {
			isa = XCBuildConfiguration;
			buildSettings = {
				ALWAYS_SEARCH_USER_PATHS = NO;
				CLANG_ANALYZER_NONNULL = YES;
				CLANG_ANALYZER_NUMBER_OBJECT_CONVERSION = YES_AGGRESSIVE;
				CLANG_CXX_LANGUAGE_STANDARD = "gnu++17";
				CLANG_ENABLE_MODULES = YES;
				CLANG_ENABLE_OBJC_ARC = YES;
				CLANG_ENABLE_OBJC_WEAK = YES;
				CLANG_WARN_BLOCK_CAPTURE_AUTORELEASING = YES;
				CLANG_WARN_BOOL_CONVERSION = YES;
				CLANG_WARN_COMMA = YES;
				CLANG_WARN_CONSTANT_CONVERSION = YES;
				CLANG_WARN_DEPRECATED_OBJC_IMPLEMENTATIONS = YES;
				CLANG_WARN_DIRECT_OBJC_ISA_USAGE = YES_ERROR;
				CLANG_WARN_DOCUMENTATION_COMMENTS = YES;
				CLANG_WARN_EMPTY_BODY = YES;
				CLANG_WARN_ENUM_CONVERSION = YES;
				CLANG_WARN_INFINITE_RECURSION = YES;
				CLANG_WARN_INT_CONVERSION = YES;
				CLANG_WARN_NON_LITERAL_NULL_CONVERSION = YES;
				CLANG_WARN_OBJC_IMPLICIT_RETAIN_SELF = YES;
				CLANG_WARN_OBJC_LITERAL_CONVERSION = YES;
				CLANG_WARN_OBJC_ROOT_CLASS = YES_ERROR;
				CLANG_WARN_QUOTED_INCLUDE_IN_FRAMEWORK_HEADER = YES;
				CLANG_WARN_RANGE_LOOP_ANALYSIS = YES;
				CLANG_WARN_STRICT_PROTOTYPES = YES;
				CLANG_WARN_SUSPICIOUS_MOVE = YES;
				CLANG_WARN_UNGUARDED_AVAILABILITY = YES_AGGRESSIVE;
				CLANG_WARN_UNREACHABLE_CODE = YES;
				CLANG_WARN__DUPLICATE_METHOD_MATCH = YES;
				COPY_PHASE_STRIP = NO;
				DEBUG_INFORMATION_FORMAT = "dwarf-with-dsym";
				ENABLE_NS_ASSERTIONS = NO;
				ENABLE_STRICT_OBJC_MSGSEND = YES;
				GCC_C_LANGUAGE_STANDARD = gnu11;
				GCC_NO_COMMON_BLOCKS = YES;
				GCC_WARN_64_TO_32_BIT_CONVERSION = YES;
				GCC_WARN_ABOUT_RETURN_TYPE = YES_ERROR;
				GCC_WARN_UNDECLARED_SELECTOR = YES;
				GCC_WARN_UNINITIALIZED_AUTOS = YES_AGGRESSIVE;
				GCC_WARN_UNUSED_FUNCTION = YES;
				GCC_WARN_UNUSED_VARIABLE = YES;
				IPHONEOS_DEPLOYMENT_TARGET = 15.5;
				MTL_ENABLE_DEBUG_INFO = NO;
				MTL_FAST_MATH = YES;
				SDKROOT = iphoneos;
				SWIFT_COMPILATION_MODE = wholemodule;
				SWIFT_OPTIMIZATION_LEVEL = "-O";
				VALIDATE_PRODUCT = YES;
			};
			name = Release;
		};
		D69A627C2AFF75A2005492BC /* Debug */ = {
			isa = XCBuildConfiguration;
			buildSettings = {
				ASSETCATALOG_COMPILER_APPICON_NAME = AppIcon;
				ASSETCATALOG_COMPILER_GLOBAL_ACCENT_COLOR_NAME = AccentColor;
				CODE_SIGN_STYLE = Automatic;
				CURRENT_PROJECT_VERSION = 1;
				DEVELOPMENT_TEAM = GA55ZZFVG5;
				GENERATE_INFOPLIST_FILE = YES;
				INFOPLIST_FILE = MovieApp/Info.plist;
				INFOPLIST_KEY_UIApplicationSupportsIndirectInputEvents = YES;
				INFOPLIST_KEY_UILaunchStoryboardName = LaunchScreen;
				INFOPLIST_KEY_UISupportedInterfaceOrientations_iPad = "UIInterfaceOrientationPortrait UIInterfaceOrientationPortraitUpsideDown UIInterfaceOrientationLandscapeLeft UIInterfaceOrientationLandscapeRight";
				INFOPLIST_KEY_UISupportedInterfaceOrientations_iPhone = "UIInterfaceOrientationPortrait UIInterfaceOrientationLandscapeLeft UIInterfaceOrientationLandscapeRight";
				LD_RUNPATH_SEARCH_PATHS = (
					"$(inherited)",
					"@executable_path/Frameworks",
				);
				MARKETING_VERSION = 1.0;
				PRODUCT_BUNDLE_IDENTIFIER = com.bagus.MovieApp;
				PRODUCT_NAME = "$(TARGET_NAME)";
				SWIFT_EMIT_LOC_STRINGS = YES;
				SWIFT_VERSION = 5.0;
				TARGETED_DEVICE_FAMILY = "1,2";
			};
			name = Debug;
		};
		D69A627D2AFF75A2005492BC /* Release */ = {
			isa = XCBuildConfiguration;
			buildSettings = {
				ASSETCATALOG_COMPILER_APPICON_NAME = AppIcon;
				ASSETCATALOG_COMPILER_GLOBAL_ACCENT_COLOR_NAME = AccentColor;
				CODE_SIGN_STYLE = Automatic;
				CURRENT_PROJECT_VERSION = 1;
				DEVELOPMENT_TEAM = GA55ZZFVG5;
				GENERATE_INFOPLIST_FILE = YES;
				INFOPLIST_FILE = MovieApp/Info.plist;
				INFOPLIST_KEY_UIApplicationSupportsIndirectInputEvents = YES;
				INFOPLIST_KEY_UILaunchStoryboardName = LaunchScreen;
				INFOPLIST_KEY_UISupportedInterfaceOrientations_iPad = "UIInterfaceOrientationPortrait UIInterfaceOrientationPortraitUpsideDown UIInterfaceOrientationLandscapeLeft UIInterfaceOrientationLandscapeRight";
				INFOPLIST_KEY_UISupportedInterfaceOrientations_iPhone = "UIInterfaceOrientationPortrait UIInterfaceOrientationLandscapeLeft UIInterfaceOrientationLandscapeRight";
				LD_RUNPATH_SEARCH_PATHS = (
					"$(inherited)",
					"@executable_path/Frameworks",
				);
				MARKETING_VERSION = 1.0;
				PRODUCT_BUNDLE_IDENTIFIER = com.bagus.MovieApp;
				PRODUCT_NAME = "$(TARGET_NAME)";
				SWIFT_EMIT_LOC_STRINGS = YES;
				SWIFT_VERSION = 5.0;
				TARGETED_DEVICE_FAMILY = "1,2";
			};
			name = Release;
		};
/* End XCBuildConfiguration section */

/* Begin XCConfigurationList section */
		D69A62622AFF75A0005492BC /* Build configuration list for PBXProject "MovieApp" */ = {
			isa = XCConfigurationList;
			buildConfigurations = (
				D69A62792AFF75A2005492BC /* Debug */,
				D69A627A2AFF75A2005492BC /* Release */,
			);
			defaultConfigurationIsVisible = 0;
			defaultConfigurationName = Release;
		};
		D69A627B2AFF75A2005492BC /* Build configuration list for PBXNativeTarget "MovieApp" */ = {
			isa = XCConfigurationList;
			buildConfigurations = (
				D69A627C2AFF75A2005492BC /* Debug */,
				D69A627D2AFF75A2005492BC /* Release */,
			);
			defaultConfigurationIsVisible = 0;
			defaultConfigurationName = Release;
		};
/* End XCConfigurationList section */

/* Begin XCRemoteSwiftPackageReference section */
		D69A62B12AFF7EC1005492BC /* XCRemoteSwiftPackageReference "SDWebImage" */ = {
			isa = XCRemoteSwiftPackageReference;
			repositoryURL = "https://github.com/SDWebImage/SDWebImage";
			requirement = {
				branch = master;
				kind = branch;
			};
		};
/* End XCRemoteSwiftPackageReference section */

/* Begin XCSwiftPackageProductDependency section */
		D69A62B22AFF7EC1005492BC /* SDWebImage */ = {
			isa = XCSwiftPackageProductDependency;
			package = D69A62B12AFF7EC1005492BC /* XCRemoteSwiftPackageReference "SDWebImage" */;
			productName = SDWebImage;
		};
/* End XCSwiftPackageProductDependency section */
	};
	rootObject = D69A625F2AFF75A0005492BC /* Project object */;
}
